
Microsoft Visual Studio Solution File, Format Version 12.00
# Visual Studio Version 18
VisualStudioVersion = 18.0.11222.15
MinimumVisualStudioVersion = 10.0.40219.1
Project("{FAE04EC0-301F-11D3-BF4B-00C04F79EFBC}") = "DotMQ", "src\DotMQ\DotMQ.csproj", "{D66F2AD5-07E0-3CF7-6435-B106D2007EB3}"
EndProject
Project("{2150E333-8FDC-42A3-9474-1A3956D46DE8}") = "tests", "tests", "{83EEA3B8-BAF8-49D7-BA8A-5151352A0BFA}"
EndProject
Project("{FAE04EC0-301F-11D3-BF4B-00C04F79EFBC}") = "Broker.Frontend", "src\Broker.Frontend\Broker.Frontend.csproj", "{DA27F498-73EB-3FBE-2954-4C959F67289C}"
EndProject
Project("{FAE04EC0-301F-11D3-BF4B-00C04F79EFBC}") = "Broker.Core", "src\Broker.Core\Broker.Core.csproj", "{68AA99B2-E25C-9557-9395-933DD07A89C4}"
EndProject
Project("{FAE04EC0-301F-11D3-BF4B-00C04F79EFBC}") = "Broker.Storage", "src\Broker.Storage\Broker.Storage.csproj", "{A9F7E8A8-3CB8-FF9D-6EA9-CEA33C8A5AF8}"
EndProject
Project("{FAE04EC0-301F-11D3-BF4B-00C04F79EFBC}") = "Broker.Contracts", "src\Broker.Contracts\Broker.Contracts.csproj", "{8F92C05B-C33B-4F7E-8F55-738797729C98}"
EndProject
Project("{2150E333-8FDC-42A3-9474-1A3956D46DE8}") = "clients", "clients", "{C37E2AAB-E985-4841-BBE2-F82AA7FABBA4}"
EndProject
Global
	GlobalSection(SolutionConfigurationPlatforms) = preSolution
		Debug|Any CPU = Debug|Any CPU
		Release|Any CPU = Release|Any CPU
	EndGlobalSection
	GlobalSection(ProjectConfigurationPlatforms) = postSolution
		{D66F2AD5-07E0-3CF7-6435-B106D2007EB3}.Debug|Any CPU.ActiveCfg = Debug|Any CPU
		{D66F2AD5-07E0-3CF7-6435-B106D2007EB3}.Debug|Any CPU.Build.0 = Debug|Any CPU
		{D66F2AD5-07E0-3CF7-6435-B106D2007EB3}.Release|Any CPU.ActiveCfg = Release|Any CPU
		{D66F2AD5-07E0-3CF7-6435-B106D2007EB3}.Release|Any CPU.Build.0 = Release|Any CPU
		{DA27F498-73EB-3FBE-2954-4C959F67289C}.Debug|Any CPU.ActiveCfg = Debug|Any CPU
		{DA27F498-73EB-3FBE-2954-4C959F67289C}.Debug|Any CPU.Build.0 = Debug|Any CPU
		{DA27F498-73EB-3FBE-2954-4C959F67289C}.Release|Any CPU.ActiveCfg = Release|Any CPU
		{DA27F498-73EB-3FBE-2954-4C959F67289C}.Release|Any CPU.Build.0 = Release|Any CPU
		{68AA99B2-E25C-9557-9395-933DD07A89C4}.Debug|Any CPU.ActiveCfg = Debug|Any CPU
		{68AA99B2-E25C-9557-9395-933DD07A89C4}.Debug|Any CPU.Build.0 = Debug|Any CPU
		{68AA99B2-E25C-9557-9395-933DD07A89C4}.Release|Any CPU.ActiveCfg = Release|Any CPU
		{68AA99B2-E25C-9557-9395-933DD07A89C4}.Release|Any CPU.Build.0 = Release|Any CPU
		{A9F7E8A8-3CB8-FF9D-6EA9-CEA33C8A5AF8}.Debug|Any CPU.ActiveCfg = Debug|Any CPU
		{A9F7E8A8-3CB8-FF9D-6EA9-CEA33C8A5AF8}.Debug|Any CPU.Build.0 = Debug|Any CPU
		{A9F7E8A8-3CB8-FF9D-6EA9-CEA33C8A5AF8}.Release|Any CPU.ActiveCfg = Release|Any CPU
		{A9F7E8A8-3CB8-FF9D-6EA9-CEA33C8A5AF8}.Release|Any CPU.Build.0 = Release|Any CPU
		{8F92C05B-C33B-4F7E-8F55-738797729C98}.Debug|Any CPU.ActiveCfg = Debug|Any CPU
		{8F92C05B-C33B-4F7E-8F55-738797729C98}.Debug|Any CPU.Build.0 = Debug|Any CPU
		{8F92C05B-C33B-4F7E-8F55-738797729C98}.Release|Any CPU.ActiveCfg = Release|Any CPU
		{8F92C05B-C33B-4F7E-8F55-738797729C98}.Release|Any CPU.Build.0 = Release|Any CPU
	EndGlobalSection
	GlobalSection(SolutionProperties) = preSolution
		HideSolutionNode = FALSE
	EndGlobalSection
	GlobalSection(ExtensibilityGlobals) = postSolution
		SolutionGuid = {68EB24A9-17CF-4574-8D0C-9A2EA5E46895}
	EndGlobalSection
EndGlobal
