
Microsoft Visual Studio Solution File, Format Version 12.00
# Visual Studio Version 17
VisualStudioVersion = 17.14.36414.22
MinimumVisualStudioVersion = 10.0.40219.1
Project("{FAE04EC0-301F-11D3-BF4B-00C04F79EFBC}") = "DotMQ", "src\DotMQ\DotMQ.csproj", "{D66F2AD5-07E0-3CF7-6435-B106D2007EB3}"
EndProject
Project("{2150E333-8FDC-42A3-9474-1A3956D46DE8}") = "src", "src", "{02EA681E-C7D8-13C7-8484-4AC65E1B71E8}"
EndProject
Project("{FAE04EC0-301F-11D3-BF4B-00C04F79EFBC}") = "Broker.Core", "Broker.Core\Broker.Core.csproj", "{5BD22B5C-4EAF-4222-B9C4-7CB7C443124C}"
EndProject
Project("{FAE04EC0-301F-11D3-BF4B-00C04F79EFBC}") = "Broker.Frontend", "Broker.Frontend\Broker.Frontend.csproj", "{3BF87836-CCF5-413F-A8AA-E8193150079F}"
EndProject
Project("{FAE04EC0-301F-11D3-BF4B-00C04F79EFBC}") = "Broker.Storage", "Broker.Storage\Broker.Storage.csproj", "{D5B292F0-FAE4-45DF-805C-F2D0D793A62A}"
EndProject
Project("{FAE04EC0-301F-11D3-BF4B-00C04F79EFBC}") = "Broker.Bridge.Amqp", "Broker.Bridge.Amqp\Broker.Bridge.Amqp.csproj", "{DC32F680-3CB6-4DD7-AE02-C381FEC355B7}"
EndProject
Project("{FAE04EC0-301F-11D3-BF4B-00C04F79EFBC}") = "Broker.Admin", "Broker.Admin\Broker.Admin.csproj", "{E39848D2-39E2-49DE-AD54-D3A82B9CCA68}"
EndProject
Project("{2150E333-8FDC-42A3-9474-1A3956D46DE8}") = "tests", "tests", "{83EEA3B8-BAF8-49D7-BA8A-5151352A0BFA}"
EndProject
Project("{FAE04EC0-301F-11D3-BF4B-00C04F79EFBC}") = "TestProject1", "tests\TestProject1\TestProject1.csproj", "{5BA73131-D518-4FF9-A8D3-AA42412C3CB2}"
EndProject
Global
	GlobalSection(SolutionConfigurationPlatforms) = preSolution
		Debug|Any CPU = Debug|Any CPU
		Release|Any CPU = Release|Any CPU
	EndGlobalSection
	GlobalSection(ProjectConfigurationPlatforms) = postSolution
		{D66F2AD5-07E0-3CF7-6435-B106D2007EB3}.Debug|Any CPU.ActiveCfg = Debug|Any CPU
		{D66F2AD5-07E0-3CF7-6435-B106D2007EB3}.Debug|Any CPU.Build.0 = Debug|Any CPU
		{D66F2AD5-07E0-3CF7-6435-B106D2007EB3}.Release|Any CPU.ActiveCfg = Release|Any CPU
		{D66F2AD5-07E0-3CF7-6435-B106D2007EB3}.Release|Any CPU.Build.0 = Release|Any CPU
		{5BD22B5C-4EAF-4222-B9C4-7CB7C443124C}.Debug|Any CPU.ActiveCfg = Debug|Any CPU
		{5BD22B5C-4EAF-4222-B9C4-7CB7C443124C}.Debug|Any CPU.Build.0 = Debug|Any CPU
		{5BD22B5C-4EAF-4222-B9C4-7CB7C443124C}.Release|Any CPU.ActiveCfg = Release|Any CPU
		{5BD22B5C-4EAF-4222-B9C4-7CB7C443124C}.Release|Any CPU.Build.0 = Release|Any CPU
		{3BF87836-CCF5-413F-A8AA-E8193150079F}.Debug|Any CPU.ActiveCfg = Debug|Any CPU
		{3BF87836-CCF5-413F-A8AA-E8193150079F}.Debug|Any CPU.Build.0 = Debug|Any CPU
		{3BF87836-CCF5-413F-A8AA-E8193150079F}.Release|Any CPU.ActiveCfg = Release|Any CPU
		{3BF87836-CCF5-413F-A8AA-E8193150079F}.Release|Any CPU.Build.0 = Release|Any CPU
		{D5B292F0-FAE4-45DF-805C-F2D0D793A62A}.Debug|Any CPU.ActiveCfg = Debug|Any CPU
		{D5B292F0-FAE4-45DF-805C-F2D0D793A62A}.Debug|Any CPU.Build.0 = Debug|Any CPU
		{D5B292F0-FAE4-45DF-805C-F2D0D793A62A}.Release|Any CPU.ActiveCfg = Release|Any CPU
		{D5B292F0-FAE4-45DF-805C-F2D0D793A62A}.Release|Any CPU.Build.0 = Release|Any CPU
		{DC32F680-3CB6-4DD7-AE02-C381FEC355B7}.Debug|Any CPU.ActiveCfg = Debug|Any CPU
		{DC32F680-3CB6-4DD7-AE02-C381FEC355B7}.Debug|Any CPU.Build.0 = Debug|Any CPU
		{DC32F680-3CB6-4DD7-AE02-C381FEC355B7}.Release|Any CPU.ActiveCfg = Release|Any CPU
		{DC32F680-3CB6-4DD7-AE02-C381FEC355B7}.Release|Any CPU.Build.0 = Release|Any CPU
		{E39848D2-39E2-49DE-AD54-D3A82B9CCA68}.Debug|Any CPU.ActiveCfg = Debug|Any CPU
		{E39848D2-39E2-49DE-AD54-D3A82B9CCA68}.Debug|Any CPU.Build.0 = Debug|Any CPU
		{E39848D2-39E2-49DE-AD54-D3A82B9CCA68}.Release|Any CPU.ActiveCfg = Release|Any CPU
		{E39848D2-39E2-49DE-AD54-D3A82B9CCA68}.Release|Any CPU.Build.0 = Release|Any CPU
		{5BA73131-D518-4FF9-A8D3-AA42412C3CB2}.Debug|Any CPU.ActiveCfg = Debug|Any CPU
		{5BA73131-D518-4FF9-A8D3-AA42412C3CB2}.Debug|Any CPU.Build.0 = Debug|Any CPU
		{5BA73131-D518-4FF9-A8D3-AA42412C3CB2}.Release|Any CPU.ActiveCfg = Release|Any CPU
		{5BA73131-D518-4FF9-A8D3-AA42412C3CB2}.Release|Any CPU.Build.0 = Release|Any CPU
	EndGlobalSection
	GlobalSection(SolutionProperties) = preSolution
		HideSolutionNode = FALSE
	EndGlobalSection
	GlobalSection(NestedProjects) = preSolution
		{D66F2AD5-07E0-3CF7-6435-B106D2007EB3} = {02EA681E-C7D8-13C7-8484-4AC65E1B71E8}
		{5BD22B5C-4EAF-4222-B9C4-7CB7C443124C} = {02EA681E-C7D8-13C7-8484-4AC65E1B71E8}
		{3BF87836-CCF5-413F-A8AA-E8193150079F} = {02EA681E-C7D8-13C7-8484-4AC65E1B71E8}
		{D5B292F0-FAE4-45DF-805C-F2D0D793A62A} = {02EA681E-C7D8-13C7-8484-4AC65E1B71E8}
		{DC32F680-3CB6-4DD7-AE02-C381FEC355B7} = {02EA681E-C7D8-13C7-8484-4AC65E1B71E8}
		{E39848D2-39E2-49DE-AD54-D3A82B9CCA68} = {02EA681E-C7D8-13C7-8484-4AC65E1B71E8}
		{5BA73131-D518-4FF9-A8D3-AA42412C3CB2} = {83EEA3B8-BAF8-49D7-BA8A-5151352A0BFA}
	EndGlobalSection
	GlobalSection(ExtensibilityGlobals) = postSolution
		SolutionGuid = {68EB24A9-17CF-4574-8D0C-9A2EA5E46895}
	EndGlobalSection
EndGlobal
